
Microsoft Visual Studio Solution File, Format Version 12.00
# Visual Studio 15
VisualStudioVersion = 15.0.27004.2006
MinimumVisualStudioVersion = 10.0.40219.1
Project("{FAE04EC0-301F-11D3-BF4B-00C04F79EFBC}") = "2702", "2702\2702.csproj", "{EDCE1176-C536-4917-A110-E36867FD92C6}"
EndProject
Global
	GlobalSection(SolutionConfigurationPlatforms) = preSolution
		Debug|Any CPU = Debug|Any CPU
		Release|Any CPU = Release|Any CPU
	EndGlobalSection
	GlobalSection(ProjectConfigurationPlatforms) = postSolution
		{EDCE1176-C536-4917-A110-E36867FD92C6}.Debug|Any CPU.ActiveCfg = Debug|Any CPU
		{EDCE1176-C536-4917-A110-E36867FD92C6}.Debug|Any CPU.Build.0 = Debug|Any CPU
		{EDCE1176-C536-4917-A110-E36867FD92C6}.Release|Any CPU.ActiveCfg = Release|Any CPU
		{EDCE1176-C536-4917-A110-E36867FD92C6}.Release|Any CPU.Build.0 = Release|Any CPU
	EndGlobalSection
	GlobalSection(SolutionProperties) = preSolution
		HideSolutionNode = FALSE
	EndGlobalSection
	GlobalSection(ExtensibilityGlobals) = postSolution
		SolutionGuid = {951434F2-53F0-4E5D-AA1D-BB91EB638B7A}
	EndGlobalSection
EndGlobal
